
Microsoft Visual Studio Solution File, Format Version 12.00
# Visual Studio Version 17
VisualStudioVersion = 17.5.002.0
MinimumVisualStudioVersion = 10.0.40219.1
Project("{9A19103F-16F7-4668-BE54-9A1E7A4F7556}") = "FpsGameBackend", "FpsGameBackend\FpsGameBackend.csproj", "{184C5DD8-463E-4BF5-A5ED-36DCAAAFBEB3}"
EndProject
Global
	GlobalSection(SolutionConfigurationPlatforms) = preSolution
		Debug|Any CPU = Debug|Any CPU
		Release|Any CPU = Release|Any CPU
	EndGlobalSection
	GlobalSection(ProjectConfigurationPlatforms) = postSolution
		{184C5DD8-463E-4BF5-A5ED-36DCAAAFBEB3}.Debug|Any CPU.ActiveCfg = Debug|Any CPU
		{184C5DD8-463E-4BF5-A5ED-36DCAAAFBEB3}.Debug|Any CPU.Build.0 = Debug|Any CPU
		{184C5DD8-463E-4BF5-A5ED-36DCAAAFBEB3}.Release|Any CPU.ActiveCfg = Release|Any CPU
		{184C5DD8-463E-4BF5-A5ED-36DCAAAFBEB3}.Release|Any CPU.Build.0 = Release|Any CPU
	EndGlobalSection
	GlobalSection(SolutionProperties) = preSolution
		HideSolutionNode = FALSE
	EndGlobalSection
	GlobalSection(ExtensibilityGlobals) = postSolution
		SolutionGuid = {FF3768A0-028E-4F03-A650-E477DA081660}
	EndGlobalSection
EndGlobal
